{
  "name": "consumer",
  "version": "1.0.0",
  "lockfileVersion": 1,
  "requires": true,
  "dependencies": {
    "@guilouro/hello-github-packages": {
      "version": "1.1.0",
      "resolved": "https://npm.pkg.github.com/download/@guilouro/hello-github-packages/1.1.0/dbd05e29d2d6a83b5a7c0abd3cbf1e382b613ab03e50e8c8289b914bfaf6a2d6",
      "integrity": "sha512-q0ZmJwzc8cyfXWrApAW7h5V6mhQr2ksCiklAa8cMegq1It6RIKdfG0GzBWlI5ZbK8p6+BvOULS1Zb4JKI+K+tw=="
    },
    "lodash": {
      "version": "4.17.15",
      "resolved": "https://registry.npmjs.org/lodash/-/lodash-4.17.15.tgz",
      "integrity": "sha512-8xOcRHvCjnocdS5cpwXQXVzmmh5e5+saE2QGoeQmbKmRS6J3VQppPOIt0MnmE+4xlZoumy0GPG0D0MVIQbNA1A=="
    }
  }
}
